
Microsoft Visual Studio Solution File, Format Version 12.00
# Visual Studio 14
VisualStudioVersion = 14.0.24720.0
MinimumVisualStudioVersion = 10.0.40219.1
Project("{FAE04EC0-301F-11D3-BF4B-00C04F79EFBC}") = "Devoler_test_task", "Devoler_test_task\Devoler_test_task.csproj", "{8A70BF7F-CC03-458D-A987-0F236E394744}"
EndProject
Global
	GlobalSection(SolutionConfigurationPlatforms) = preSolution
		Debug|Any CPU = Debug|Any CPU
		Release|Any CPU = Release|Any CPU
	EndGlobalSection
	GlobalSection(ProjectConfigurationPlatforms) = postSolution
		{8A70BF7F-CC03-458D-A987-0F236E394744}.Debug|Any CPU.ActiveCfg = Debug|Any CPU
		{8A70BF7F-CC03-458D-A987-0F236E394744}.Debug|Any CPU.Build.0 = Debug|Any CPU
		{8A70BF7F-CC03-458D-A987-0F236E394744}.Release|Any CPU.ActiveCfg = Release|Any CPU
		{8A70BF7F-CC03-458D-A987-0F236E394744}.Release|Any CPU.Build.0 = Release|Any CPU
	EndGlobalSection
	GlobalSection(SolutionProperties) = preSolution
		HideSolutionNode = FALSE
	EndGlobalSection
EndGlobal
